{
  "name": "unoriginal",
  "version": "1.0.0",
  "lockfileVersion": 1,
  "requires": true,
  "dependencies": {
    "typed.js": {
      "version": "2.0.8",
      "resolved": "https://registry.npmjs.org/typed.js/-/typed.js-2.0.8.tgz",
      "integrity": "sha512-Gil3sX1P4tPa0y+VDVbM1x++bdypfRWJ2fJnqo8kiXNXxWzvTzso5Eu1DQVjeNGCWeHbSwqJgE7iY4Bo5Y2lXQ=="
    }
  }
}
